
Microsoft Visual Studio Solution File, Format Version 12.00
# Visual Studio Version 16
VisualStudioVersion = 16.0.30204.135
MinimumVisualStudioVersion = 10.0.40219.1
Project("{FAE04EC0-301F-11D3-BF4B-00C04F79EFBC}") = "PcMainCtrl", "PcMainCtrl.csproj", "{E61C9BF7-A822-456B-8AA6-7FC82A93635D}"
EndProject
Project("{FAE04EC0-301F-11D3-BF4B-00C04F79EFBC}") = "CognexLib", "CognexLib\CognexLib.csproj", "{5FA18955-425E-4CAC-A9B0-2CF864BDFEE3}"
EndProject
Project("{FAE04EC0-301F-11D3-BF4B-00C04F79EFBC}") = "PicturePuzzleService", "..\PicturePuzzleService\PicturePuzzleService.csproj", "{5D8A42E3-D7FA-4E0F-A7E0-82AE98F1D245}"
EndProject
Project("{FAE04EC0-301F-11D3-BF4B-00C04F79EFBC}") = "HostWinform", "..\PicturePuzzleService\HostWinform\HostWinform.csproj", "{446DA8F5-B924-4BF1-809A-38C4AF700CCF}"
EndProject
Project("{FAE04EC0-301F-11D3-BF4B-00C04F79EFBC}") = "BaslerLib", "BaslerLib\BaslerLib.csproj", "{72378425-C9DC-47B1-B326-7CB59391DEE6}"
EndProject
Project("{FAE04EC0-301F-11D3-BF4B-00C04F79EFBC}") = "SocketControl", "SocketControl\SocketControl.csproj", "{DA267BF1-97C4-40A5-A8F9-A0FA4FC51DAE}"
EndProject
Project("{FAE04EC0-301F-11D3-BF4B-00C04F79EFBC}") = "ExcelCheckLib", "..\PicturePuzzleService\ExcelCheckLib\ExcelCheckLib.csproj", "{C870B8CB-08F2-419A-9EAC-8DA2EC193CEB}"
EndProject
Project("{FAE04EC0-301F-11D3-BF4B-00C04F79EFBC}") = "LidarLib", "LidarLib\LidarLib.csproj", "{B81FA4A5-6876-47D2-A816-348A7726C410}"
EndProject
Project("{FAE04EC0-301F-11D3-BF4B-00C04F79EFBC}") = "Dkam", "Dkam\Dkam.csproj", "{BCFC3F92-A6A3-4B0A-AB93-A96901FE7DB7}"
EndProject
Project("{FAE04EC0-301F-11D3-BF4B-00C04F79EFBC}") = "PuzzleConsole", "..\PicturePuzzleService\PuzzleConsole\PuzzleConsole.csproj", "{01B17D26-09D6-4F44-9DC2-00B5624313C8}"
EndProject
Project("{FAE04EC0-301F-11D3-BF4B-00C04F79EFBC}") = "LogWin", "..\PicturePuzzleService\LogWin\LogWin.csproj", "{4A140975-5569-4F3A-9C2C-0CD673E63B5C}"
EndProject
Global
	GlobalSection(SolutionConfigurationPlatforms) = preSolution
		Debug|Any CPU = Debug|Any CPU
		Debug|x64 = Debug|x64
		Debug|x86 = Debug|x86
		Release|Any CPU = Release|Any CPU
		Release|x64 = Release|x64
		Release|x86 = Release|x86
	EndGlobalSection
	GlobalSection(ProjectConfigurationPlatforms) = postSolution
		{E61C9BF7-A822-456B-8AA6-7FC82A93635D}.Debug|Any CPU.ActiveCfg = Debug|Any CPU
		{E61C9BF7-A822-456B-8AA6-7FC82A93635D}.Debug|Any CPU.Build.0 = Debug|Any CPU
		{E61C9BF7-A822-456B-8AA6-7FC82A93635D}.Debug|x64.ActiveCfg = Debug|x64
		{E61C9BF7-A822-456B-8AA6-7FC82A93635D}.Debug|x64.Build.0 = Debug|x64
		{E61C9BF7-A822-456B-8AA6-7FC82A93635D}.Debug|x86.ActiveCfg = Debug|x86
		{E61C9BF7-A822-456B-8AA6-7FC82A93635D}.Debug|x86.Build.0 = Debug|x86
		{E61C9BF7-A822-456B-8AA6-7FC82A93635D}.Release|Any CPU.ActiveCfg = Release|Any CPU
		{E61C9BF7-A822-456B-8AA6-7FC82A93635D}.Release|Any CPU.Build.0 = Release|Any CPU
		{E61C9BF7-A822-456B-8AA6-7FC82A93635D}.Release|x64.ActiveCfg = Release|x64
		{E61C9BF7-A822-456B-8AA6-7FC82A93635D}.Release|x64.Build.0 = Release|x64
		{E61C9BF7-A822-456B-8AA6-7FC82A93635D}.Release|x86.ActiveCfg = Release|x86
		{E61C9BF7-A822-456B-8AA6-7FC82A93635D}.Release|x86.Build.0 = Release|x86
		{5FA18955-425E-4CAC-A9B0-2CF864BDFEE3}.Debug|Any CPU.ActiveCfg = Debug|Any CPU
		{5FA18955-425E-4CAC-A9B0-2CF864BDFEE3}.Debug|Any CPU.Build.0 = Debug|Any CPU
		{5FA18955-425E-4CAC-A9B0-2CF864BDFEE3}.Debug|x64.ActiveCfg = Debug|x64
		{5FA18955-425E-4CAC-A9B0-2CF864BDFEE3}.Debug|x64.Build.0 = Debug|x64
		{5FA18955-425E-4CAC-A9B0-2CF864BDFEE3}.Debug|x86.ActiveCfg = Debug|Any CPU
		{5FA18955-425E-4CAC-A9B0-2CF864BDFEE3}.Debug|x86.Build.0 = Debug|Any CPU
		{5FA18955-425E-4CAC-A9B0-2CF864BDFEE3}.Release|Any CPU.ActiveCfg = Release|Any CPU
		{5FA18955-425E-4CAC-A9B0-2CF864BDFEE3}.Release|Any CPU.Build.0 = Release|Any CPU
		{5FA18955-425E-4CAC-A9B0-2CF864BDFEE3}.Release|x64.ActiveCfg = Release|x64
		{5FA18955-425E-4CAC-A9B0-2CF864BDFEE3}.Release|x64.Build.0 = Release|x64
		{5FA18955-425E-4CAC-A9B0-2CF864BDFEE3}.Release|x86.ActiveCfg = Release|Any CPU
		{5FA18955-425E-4CAC-A9B0-2CF864BDFEE3}.Release|x86.Build.0 = Release|Any CPU
		{5D8A42E3-D7FA-4E0F-A7E0-82AE98F1D245}.Debug|Any CPU.ActiveCfg = Debug|Any CPU
		{5D8A42E3-D7FA-4E0F-A7E0-82AE98F1D245}.Debug|Any CPU.Build.0 = Debug|Any CPU
		{5D8A42E3-D7FA-4E0F-A7E0-82AE98F1D245}.Debug|x64.ActiveCfg = Debug|x64
		{5D8A42E3-D7FA-4E0F-A7E0-82AE98F1D245}.Debug|x64.Build.0 = Debug|x64
		{5D8A42E3-D7FA-4E0F-A7E0-82AE98F1D245}.Debug|x86.ActiveCfg = Debug|Any CPU
		{5D8A42E3-D7FA-4E0F-A7E0-82AE98F1D245}.Debug|x86.Build.0 = Debug|Any CPU
		{5D8A42E3-D7FA-4E0F-A7E0-82AE98F1D245}.Release|Any CPU.ActiveCfg = Release|Any CPU
		{5D8A42E3-D7FA-4E0F-A7E0-82AE98F1D245}.Release|Any CPU.Build.0 = Release|Any CPU
		{5D8A42E3-D7FA-4E0F-A7E0-82AE98F1D245}.Release|x64.ActiveCfg = Release|x64
		{5D8A42E3-D7FA-4E0F-A7E0-82AE98F1D245}.Release|x64.Build.0 = Release|x64
		{5D8A42E3-D7FA-4E0F-A7E0-82AE98F1D245}.Release|x86.ActiveCfg = Release|Any CPU
		{5D8A42E3-D7FA-4E0F-A7E0-82AE98F1D245}.Release|x86.Build.0 = Release|Any CPU
		{446DA8F5-B924-4BF1-809A-38C4AF700CCF}.Debug|Any CPU.ActiveCfg = Debug|Any CPU
		{446DA8F5-B924-4BF1-809A-38C4AF700CCF}.Debug|Any CPU.Build.0 = Debug|Any CPU
		{446DA8F5-B924-4BF1-809A-38C4AF700CCF}.Debug|x64.ActiveCfg = Debug|x64
		{446DA8F5-B924-4BF1-809A-38C4AF700CCF}.Debug|x64.Build.0 = Debug|x64
		{446DA8F5-B924-4BF1-809A-38C4AF700CCF}.Debug|x86.ActiveCfg = Debug|Any CPU
		{446DA8F5-B924-4BF1-809A-38C4AF700CCF}.Debug|x86.Build.0 = Debug|Any CPU
		{446DA8F5-B924-4BF1-809A-38C4AF700CCF}.Release|Any CPU.ActiveCfg = Release|Any CPU
		{446DA8F5-B924-4BF1-809A-38C4AF700CCF}.Release|Any CPU.Build.0 = Release|Any CPU
		{446DA8F5-B924-4BF1-809A-38C4AF700CCF}.Release|x64.ActiveCfg = Release|x64
		{446DA8F5-B924-4BF1-809A-38C4AF700CCF}.Release|x64.Build.0 = Release|x64
		{446DA8F5-B924-4BF1-809A-38C4AF700CCF}.Release|x86.ActiveCfg = Release|Any CPU
		{446DA8F5-B924-4BF1-809A-38C4AF700CCF}.Release|x86.Build.0 = Release|Any CPU
		{72378425-C9DC-47B1-B326-7CB59391DEE6}.Debug|Any CPU.ActiveCfg = Debug|Any CPU
		{72378425-C9DC-47B1-B326-7CB59391DEE6}.Debug|Any CPU.Build.0 = Debug|Any CPU
		{72378425-C9DC-47B1-B326-7CB59391DEE6}.Debug|x64.ActiveCfg = Debug|x64
		{72378425-C9DC-47B1-B326-7CB59391DEE6}.Debug|x64.Build.0 = Debug|x64
		{72378425-C9DC-47B1-B326-7CB59391DEE6}.Debug|x86.ActiveCfg = Debug|Any CPU
		{72378425-C9DC-47B1-B326-7CB59391DEE6}.Debug|x86.Build.0 = Debug|Any CPU
		{72378425-C9DC-47B1-B326-7CB59391DEE6}.Release|Any CPU.ActiveCfg = Release|Any CPU
		{72378425-C9DC-47B1-B326-7CB59391DEE6}.Release|Any CPU.Build.0 = Release|Any CPU
		{72378425-C9DC-47B1-B326-7CB59391DEE6}.Release|x64.ActiveCfg = Release|x64
		{72378425-C9DC-47B1-B326-7CB59391DEE6}.Release|x64.Build.0 = Release|x64
		{72378425-C9DC-47B1-B326-7CB59391DEE6}.Release|x86.ActiveCfg = Release|Any CPU
		{72378425-C9DC-47B1-B326-7CB59391DEE6}.Release|x86.Build.0 = Release|Any CPU
		{DA267BF1-97C4-40A5-A8F9-A0FA4FC51DAE}.Debug|Any CPU.ActiveCfg = Debug|Any CPU
		{DA267BF1-97C4-40A5-A8F9-A0FA4FC51DAE}.Debug|Any CPU.Build.0 = Debug|Any CPU
		{DA267BF1-97C4-40A5-A8F9-A0FA4FC51DAE}.Debug|x64.ActiveCfg = Debug|Any CPU
		{DA267BF1-97C4-40A5-A8F9-A0FA4FC51DAE}.Debug|x64.Build.0 = Debug|Any CPU
		{DA267BF1-97C4-40A5-A8F9-A0FA4FC51DAE}.Debug|x86.ActiveCfg = Debug|Any CPU
		{DA267BF1-97C4-40A5-A8F9-A0FA4FC51DAE}.Debug|x86.Build.0 = Debug|Any CPU
		{DA267BF1-97C4-40A5-A8F9-A0FA4FC51DAE}.Release|Any CPU.ActiveCfg = Release|Any CPU
		{DA267BF1-97C4-40A5-A8F9-A0FA4FC51DAE}.Release|Any CPU.Build.0 = Release|Any CPU
		{DA267BF1-97C4-40A5-A8F9-A0FA4FC51DAE}.Release|x64.ActiveCfg = Release|Any CPU
		{DA267BF1-97C4-40A5-A8F9-A0FA4FC51DAE}.Release|x64.Build.0 = Release|Any CPU
		{DA267BF1-97C4-40A5-A8F9-A0FA4FC51DAE}.Release|x86.ActiveCfg = Release|Any CPU
		{DA267BF1-97C4-40A5-A8F9-A0FA4FC51DAE}.Release|x86.Build.0 = Release|Any CPU
		{C870B8CB-08F2-419A-9EAC-8DA2EC193CEB}.Debug|Any CPU.ActiveCfg = Debug|Any CPU
		{C870B8CB-08F2-419A-9EAC-8DA2EC193CEB}.Debug|Any CPU.Build.0 = Debug|Any CPU
		{C870B8CB-08F2-419A-9EAC-8DA2EC193CEB}.Debug|x64.ActiveCfg = Debug|Any CPU
		{C870B8CB-08F2-419A-9EAC-8DA2EC193CEB}.Debug|x64.Build.0 = Debug|Any CPU
		{C870B8CB-08F2-419A-9EAC-8DA2EC193CEB}.Debug|x86.ActiveCfg = Debug|Any CPU
		{C870B8CB-08F2-419A-9EAC-8DA2EC193CEB}.Debug|x86.Build.0 = Debug|Any CPU
		{C870B8CB-08F2-419A-9EAC-8DA2EC193CEB}.Release|Any CPU.ActiveCfg = Release|Any CPU
		{C870B8CB-08F2-419A-9EAC-8DA2EC193CEB}.Release|Any CPU.Build.0 = Release|Any CPU
		{C870B8CB-08F2-419A-9EAC-8DA2EC193CEB}.Release|x64.ActiveCfg = Release|Any CPU
		{C870B8CB-08F2-419A-9EAC-8DA2EC193CEB}.Release|x64.Build.0 = Release|Any CPU
		{C870B8CB-08F2-419A-9EAC-8DA2EC193CEB}.Release|x86.ActiveCfg = Release|Any CPU
		{C870B8CB-08F2-419A-9EAC-8DA2EC193CEB}.Release|x86.Build.0 = Release|Any CPU
		{B81FA4A5-6876-47D2-A816-348A7726C410}.Debug|Any CPU.ActiveCfg = Debug|Any CPU
		{B81FA4A5-6876-47D2-A816-348A7726C410}.Debug|Any CPU.Build.0 = Debug|Any CPU
		{B81FA4A5-6876-47D2-A816-348A7726C410}.Debug|x64.ActiveCfg = Debug|Any CPU
		{B81FA4A5-6876-47D2-A816-348A7726C410}.Debug|x64.Build.0 = Debug|Any CPU
		{B81FA4A5-6876-47D2-A816-348A7726C410}.Debug|x86.ActiveCfg = Debug|Any CPU
		{B81FA4A5-6876-47D2-A816-348A7726C410}.Debug|x86.Build.0 = Debug|Any CPU
		{B81FA4A5-6876-47D2-A816-348A7726C410}.Release|Any CPU.ActiveCfg = Release|Any CPU
		{B81FA4A5-6876-47D2-A816-348A7726C410}.Release|Any CPU.Build.0 = Release|Any CPU
		{B81FA4A5-6876-47D2-A816-348A7726C410}.Release|x64.ActiveCfg = Release|Any CPU
		{B81FA4A5-6876-47D2-A816-348A7726C410}.Release|x64.Build.0 = Release|Any CPU
		{B81FA4A5-6876-47D2-A816-348A7726C410}.Release|x86.ActiveCfg = Release|Any CPU
		{B81FA4A5-6876-47D2-A816-348A7726C410}.Release|x86.Build.0 = Release|Any CPU
		{BCFC3F92-A6A3-4B0A-AB93-A96901FE7DB7}.Debug|Any CPU.ActiveCfg = Debug|Any CPU
		{BCFC3F92-A6A3-4B0A-AB93-A96901FE7DB7}.Debug|Any CPU.Build.0 = Debug|Any CPU
		{BCFC3F92-A6A3-4B0A-AB93-A96901FE7DB7}.Debug|x64.ActiveCfg = Debug|Any CPU
		{BCFC3F92-A6A3-4B0A-AB93-A96901FE7DB7}.Debug|x64.Build.0 = Debug|Any CPU
		{BCFC3F92-A6A3-4B0A-AB93-A96901FE7DB7}.Debug|x86.ActiveCfg = Debug|Any CPU
		{BCFC3F92-A6A3-4B0A-AB93-A96901FE7DB7}.Debug|x86.Build.0 = Debug|Any CPU
		{BCFC3F92-A6A3-4B0A-AB93-A96901FE7DB7}.Release|Any CPU.ActiveCfg = Release|Any CPU
		{BCFC3F92-A6A3-4B0A-AB93-A96901FE7DB7}.Release|Any CPU.Build.0 = Release|Any CPU
		{BCFC3F92-A6A3-4B0A-AB93-A96901FE7DB7}.Release|x64.ActiveCfg = Release|Any CPU
		{BCFC3F92-A6A3-4B0A-AB93-A96901FE7DB7}.Release|x64.Build.0 = Release|Any CPU
		{BCFC3F92-A6A3-4B0A-AB93-A96901FE7DB7}.Release|x86.ActiveCfg = Release|Any CPU
		{BCFC3F92-A6A3-4B0A-AB93-A96901FE7DB7}.Release|x86.Build.0 = Release|Any CPU
		{01B17D26-09D6-4F44-9DC2-00B5624313C8}.Debug|Any CPU.ActiveCfg = Debug|Any CPU
		{01B17D26-09D6-4F44-9DC2-00B5624313C8}.Debug|Any CPU.Build.0 = Debug|Any CPU
		{01B17D26-09D6-4F44-9DC2-00B5624313C8}.Debug|x64.ActiveCfg = Debug|Any CPU
		{01B17D26-09D6-4F44-9DC2-00B5624313C8}.Debug|x64.Build.0 = Debug|Any CPU
		{01B17D26-09D6-4F44-9DC2-00B5624313C8}.Debug|x86.ActiveCfg = Debug|Any CPU
		{01B17D26-09D6-4F44-9DC2-00B5624313C8}.Debug|x86.Build.0 = Debug|Any CPU
		{01B17D26-09D6-4F44-9DC2-00B5624313C8}.Release|Any CPU.ActiveCfg = Release|Any CPU
		{01B17D26-09D6-4F44-9DC2-00B5624313C8}.Release|Any CPU.Build.0 = Release|Any CPU
		{01B17D26-09D6-4F44-9DC2-00B5624313C8}.Release|x64.ActiveCfg = Release|Any CPU
		{01B17D26-09D6-4F44-9DC2-00B5624313C8}.Release|x64.Build.0 = Release|Any CPU
		{01B17D26-09D6-4F44-9DC2-00B5624313C8}.Release|x86.ActiveCfg = Release|Any CPU
		{01B17D26-09D6-4F44-9DC2-00B5624313C8}.Release|x86.Build.0 = Release|Any CPU
		{4A140975-5569-4F3A-9C2C-0CD673E63B5C}.Debug|Any CPU.ActiveCfg = Debug|Any CPU
		{4A140975-5569-4F3A-9C2C-0CD673E63B5C}.Debug|Any CPU.Build.0 = Debug|Any CPU
		{4A140975-5569-4F3A-9C2C-0CD673E63B5C}.Debug|x64.ActiveCfg = Debug|Any CPU
		{4A140975-5569-4F3A-9C2C-0CD673E63B5C}.Debug|x64.Build.0 = Debug|Any CPU
		{4A140975-5569-4F3A-9C2C-0CD673E63B5C}.Debug|x86.ActiveCfg = Debug|Any CPU
		{4A140975-5569-4F3A-9C2C-0CD673E63B5C}.Debug|x86.Build.0 = Debug|Any CPU
		{4A140975-5569-4F3A-9C2C-0CD673E63B5C}.Release|Any CPU.ActiveCfg = Release|Any CPU
		{4A140975-5569-4F3A-9C2C-0CD673E63B5C}.Release|Any CPU.Build.0 = Release|Any CPU
		{4A140975-5569-4F3A-9C2C-0CD673E63B5C}.Release|x64.ActiveCfg = Release|Any CPU
		{4A140975-5569-4F3A-9C2C-0CD673E63B5C}.Release|x64.Build.0 = Release|Any CPU
		{4A140975-5569-4F3A-9C2C-0CD673E63B5C}.Release|x86.ActiveCfg = Release|Any CPU
		{4A140975-5569-4F3A-9C2C-0CD673E63B5C}.Release|x86.Build.0 = Release|Any CPU
	EndGlobalSection
	GlobalSection(SolutionProperties) = preSolution
		HideSolutionNode = FALSE
	EndGlobalSection
	GlobalSection(ExtensibilityGlobals) = postSolution
		SolutionGuid = {E4269F55-A439-4AA7-A5E3-19F002C83724}
	EndGlobalSection
EndGlobal
